
Microsoft Visual Studio Solution File, Format Version 12.00
# Visual Studio 15
VisualStudioVersion = 15.0.27428.2002
MinimumVisualStudioVersion = 10.0.40219.1
Project("{8BC9CEB8-8B4A-11D0-8D11-00A0C91BC942}") = "Instancing", "Instancing.vcxproj", "{47711B02-886C-4A99-9A77-3712467D2AE6}"
EndProject
Global
	GlobalSection(SolutionConfigurationPlatforms) = preSolution
		Debug|x64 = Debug|x64
		Debug|x86 = Debug|x86
		Release|x64 = Release|x64
		Release|x86 = Release|x86
	EndGlobalSection
	GlobalSection(ProjectConfigurationPlatforms) = postSolution
		{47711B02-886C-4A99-9A77-3712467D2AE6}.Debug|x64.ActiveCfg = Debug|x64
		{47711B02-886C-4A99-9A77-3712467D2AE6}.Debug|x64.Build.0 = Debug|x64
		{47711B02-886C-4A99-9A77-3712467D2AE6}.Debug|x86.ActiveCfg = Debug|Win32
		{47711B02-886C-4A99-9A77-3712467D2AE6}.Debug|x86.Build.0 = Debug|Win32
		{47711B02-886C-4A99-9A77-3712467D2AE6}.Release|x64.ActiveCfg = Release|x64
		{47711B02-886C-4A99-9A77-3712467D2AE6}.Release|x64.Build.0 = Release|x64
		{47711B02-886C-4A99-9A77-3712467D2AE6}.Release|x86.ActiveCfg = Release|Win32
		{47711B02-886C-4A99-9A77-3712467D2AE6}.Release|x86.Build.0 = Release|Win32
	EndGlobalSection
	GlobalSection(SolutionProperties) = preSolution
		HideSolutionNode = FALSE
	EndGlobalSection
	GlobalSection(ExtensibilityGlobals) = postSolution
		SolutionGuid = {9BD53B2B-970D-4245-9CDE-73D0E729E018}
	EndGlobalSection
EndGlobal
